
Microsoft Visual Studio Solution File, Format Version 12.00
# Visual Studio 15
VisualStudioVersion = 15.0.27130.2010
MinimumVisualStudioVersion = 10.0.40219.1
Project("{FAE04EC0-301F-11D3-BF4B-00C04F79EFBC}") = "project-draft-picks", "project-draft-picks\project-draft-picks.csproj", "{0B1F7286-D0AC-4BF3-B7CD-0A9A411E14B0}"
EndProject
Global
	GlobalSection(SolutionConfigurationPlatforms) = preSolution
		Debug|Any CPU = Debug|Any CPU
		Release|Any CPU = Release|Any CPU
	EndGlobalSection
	GlobalSection(ProjectConfigurationPlatforms) = postSolution
		{0B1F7286-D0AC-4BF3-B7CD-0A9A411E14B0}.Debug|Any CPU.ActiveCfg = Debug|Any CPU
		{0B1F7286-D0AC-4BF3-B7CD-0A9A411E14B0}.Debug|Any CPU.Build.0 = Debug|Any CPU
		{0B1F7286-D0AC-4BF3-B7CD-0A9A411E14B0}.Release|Any CPU.ActiveCfg = Release|Any CPU
		{0B1F7286-D0AC-4BF3-B7CD-0A9A411E14B0}.Release|Any CPU.Build.0 = Release|Any CPU
	EndGlobalSection
	GlobalSection(SolutionProperties) = preSolution
		HideSolutionNode = FALSE
	EndGlobalSection
	GlobalSection(ExtensibilityGlobals) = postSolution
		SolutionGuid = {30699C20-17A6-4222-86D3-6D845C263A22}
	EndGlobalSection
EndGlobal
